
Microsoft Visual Studio Solution File, Format Version 12.00
# Visual Studio Version 17
VisualStudioVersion = 17.14.36212.18 d17.14
MinimumVisualStudioVersion = 10.0.40219.1
Project("{FAE04EC0-301F-11D3-BF4B-00C04F79EFBC}") = "Demo.Presentation", "Demo.Presentation\Demo.Presentation.csproj", "{23D86794-A711-4996-8531-DB160DF14F6A}"
EndProject
Project("{FAE04EC0-301F-11D3-BF4B-00C04F79EFBC}") = "Demo.BusinessLogic", "Demo.BusinessLogic\Demo.BusinessLogic.csproj", "{565D3E14-8114-4C8F-A5EC-76C76E5BA81A}"
EndProject
Project("{FAE04EC0-301F-11D3-BF4B-00C04F79EFBC}") = "Demo.DataAccess", "Demo.DataAccess\Demo.DataAccess.csproj", "{7B46676E-4605-4271-84DC-E998998902F0}"
EndProject
Global
	GlobalSection(SolutionConfigurationPlatforms) = preSolution
		Debug|Any CPU = Debug|Any CPU
		Release|Any CPU = Release|Any CPU
	EndGlobalSection
	GlobalSection(ProjectConfigurationPlatforms) = postSolution
		{23D86794-A711-4996-8531-DB160DF14F6A}.Debug|Any CPU.ActiveCfg = Debug|Any CPU
		{23D86794-A711-4996-8531-DB160DF14F6A}.Debug|Any CPU.Build.0 = Debug|Any CPU
		{23D86794-A711-4996-8531-DB160DF14F6A}.Release|Any CPU.ActiveCfg = Release|Any CPU
		{23D86794-A711-4996-8531-DB160DF14F6A}.Release|Any CPU.Build.0 = Release|Any CPU
		{565D3E14-8114-4C8F-A5EC-76C76E5BA81A}.Debug|Any CPU.ActiveCfg = Debug|Any CPU
		{565D3E14-8114-4C8F-A5EC-76C76E5BA81A}.Debug|Any CPU.Build.0 = Debug|Any CPU
		{565D3E14-8114-4C8F-A5EC-76C76E5BA81A}.Release|Any CPU.ActiveCfg = Release|Any CPU
		{565D3E14-8114-4C8F-A5EC-76C76E5BA81A}.Release|Any CPU.Build.0 = Release|Any CPU
		{7B46676E-4605-4271-84DC-E998998902F0}.Debug|Any CPU.ActiveCfg = Debug|Any CPU
		{7B46676E-4605-4271-84DC-E998998902F0}.Debug|Any CPU.Build.0 = Debug|Any CPU
		{7B46676E-4605-4271-84DC-E998998902F0}.Release|Any CPU.ActiveCfg = Release|Any CPU
		{7B46676E-4605-4271-84DC-E998998902F0}.Release|Any CPU.Build.0 = Release|Any CPU
	EndGlobalSection
	GlobalSection(SolutionProperties) = preSolution
		HideSolutionNode = FALSE
	EndGlobalSection
	GlobalSection(ExtensibilityGlobals) = postSolution
		SolutionGuid = {5860F888-D5F4-4B1A-9112-01130F8A4385}
	EndGlobalSection
EndGlobal
